{"SurveyEntry":{"SurveyID":"SV_3KnL3xPUAOqoq6V","SurveyName":"HackweeksMaster","SurveyDescription":"HackweeksMaster","SurveyOwnerID":"UR_0iAJgVDuHs8bueN","SurveyBrandID":"washington","DivisionID":"DV_29Ul9e5W7efnUJT","SurveyLanguage":"EN","SurveyActiveResponseSet":"RS_9zaAODXDYLEq35z","SurveyStatus":"Inactive","SurveyStartDate":"0000-00-00 00:00:00","SurveyExpirationDate":"0000-00-00 00:00:00","SurveyCreationDate":"2018-07-16 12:42:05","CreatorID":"UR_0iAJgVDuHs8bueN","LastModified":"2019-11-19 11:48:01","LastAccessed":"0000-00-00 00:00:00","LastActivated":"0000-00-00 00:00:00","Deleted":null},"SurveyElements":[{"SurveyID":"SV_3KnL3xPUAOqoq6V","Element":"BL","PrimaryAttribute":"Survey Blocks","SecondaryAttribute":null,"TertiaryAttribute":null,"Payload":{"1":{"Type":"Trash","Description":"Trash \/ Unused Questions","ID":"BL_8c3R4IeWEVpk5z7","BlockElements":[{"Type":"Question","QuestionID":"QID59"},{"Type":"Question","QuestionID":"QID62"},{"Type":"Question","QuestionID":"QID63"}]},"2":{"Type":"Standard","SubType":"","Description":"Block 1","ID":"BL_5BU005k1FES5FAh","BlockElements":[{"Type":"Question","QuestionID":"QID53"},{"Type":"Question","QuestionID":"QID67"},{"Type":"Question","QuestionID":"QID49"},{"Type":"Question","QuestionID":"QID20"},{"Type":"Question","QuestionID":"QID69"},{"Type":"Question","QuestionID":"QID21"},{"Type":"Question","QuestionID":"QID39"},{"Type":"Question","QuestionID":"QID7"},{"Type":"Question","QuestionID":"QID22"},{"Type":"Question","QuestionID":"QID74"},{"Type":"Question","QuestionID":"QID10"},{"Type":"Question","QuestionID":"QID11"}]},"3":{"Type":"Standard","SubType":"","Description":"Block 2","ID":"BL_e2tEsQlXedv6vZ3","BlockElements":[{"Type":"Question","QuestionID":"QID54"},{"Type":"Question","QuestionID":"QID13"},{"Type":"Question","QuestionID":"QID25"},{"Type":"Question","QuestionID":"QID40"},{"Type":"Question","QuestionID":"QID16"},{"Type":"Question","QuestionID":"QID68"},{"Type":"Question","QuestionID":"QID75"},{"Type":"Question","QuestionID":"QID76"},{"Type":"Question","QuestionID":"QID12"}]},"4":{"Type":"Standard","SubType":"","Description":"Block 3","ID":"BL_5iEVIVOwe2ESl01","BlockElements":[{"Type":"Question","QuestionID":"QID61"},{"Type":"Question","QuestionID":"QID19"},{"Type":"Question","QuestionID":"QID23"}]},"5":{"Type":"Standard","SubType":"","Description":"Demographics","ID":"BL_6hbYfwLWu6R5cq1","BlockElements":[{"Type":"Question","QuestionID":"QID45"},{"Type":"Question","QuestionID":"QID29"},{"Type":"Question","QuestionID":"QID72"},{"Type":"Question","QuestionID":"QID70"},{"Type":"Question","QuestionID":"QID73"},{"Type":"Question","QuestionID":"QID71"},{"Type":"Question","QuestionID":"QID31"},{"Type":"Question","QuestionID":"QID34"},{"Type":"Question","QuestionID":"QID2"},{"Type":"Question","QuestionID":"QID65"}]},"6":{"Type":"Standard","SubType":"","Description":"Block 4","ID":"BL_7U1bU1argyhooXH","BlockElements":[{"Type":"Question","QuestionID":"QID43"}]},"7":{"Type":"Standard","SubType":"","Description":"Block 5","ID":"BL_6wWmavVqcZbx7y5","BlockElements":[{"Type":"Question","QuestionID":"QID24"},{"Type":"Question","QuestionID":"QID38"},{"Type":"Question","QuestionID":"QID56"},{"Type":"Question","QuestionID":"QID46"}]}}},{"SurveyID":"SV_3KnL3xPUAOqoq6V","Element":"FL","PrimaryAttribute":"Survey Flow","SecondaryAttribute":null,"TertiaryAttribute":null,"Payload":{"Flow":[{"ID":"BL_7U1bU1argyhooXH","Type":"Standard","FlowID":"FL_7"},{"ID":"BL_5BU005k1FES5FAh","Type":"Standard","FlowID":"FL_3"},{"ID":"BL_e2tEsQlXedv6vZ3","Type":"Standard","FlowID":"FL_4"},{"ID":"BL_5iEVIVOwe2ESl01","Type":"Standard","FlowID":"FL_5"},{"ID":"BL_6wWmavVqcZbx7y5","Type":"Standard","FlowID":"FL_8"},{"ID":"BL_6hbYfwLWu6R5cq1","Type":"Standard","FlowID":"FL_6"}],"Properties":{"Count":8},"FlowID":"FL_1","Type":"Root"}},{"SurveyID":"SV_3KnL3xPUAOqoq6V","Element":"SO","PrimaryAttribute":"Survey Options","SecondaryAttribute":null,"TertiaryAttribute":null,"Payload":{"BackButton":"false","SaveAndContinue":"true","SurveyProtection":"PublicSurvey","BallotBoxStuffingPrevention":"false","NoIndex":"Yes","SurveyExpiration":null,"SurveyTermination":"DefaultMessage","Header":"","Footer":"","ProgressBarDisplay":"None","PartialData":"+2 weeks","ValidationMessage":null,"PreviousButton":"  <<  ","NextButton":"  >>  ","SkinLibrary":"Qualtrics","SkinType":"MQ","Skin":"v4qualtrics1","NewScoring":1,"libraryId":"","nextButtonMid":"","previousButtonMid":"","headerMid":"","footerMid":"","QuestionsPerPage":"","PageTransition":"Slide","ExternalCSS":"https:\/\/","CustomStyles":{"errorStyles":{"selector":".Skin .ValidationError","styles":{"color":null,"backgroundColor":null,"borderColor":null}},"errorStylesBG":{"selector":".Skin .HeaderValidationError, .Skin .HeaderValidationError li a","styles":{"color":null,"backgroundColor":null}},"pageStyles":{"selector":"#SurveyEngineBody","styles":{"backgroundColor":null}},"textStyles":{"selector":".SkinInner","styles":{"fontFamily":null,"fontSize":null,"fontWeight":null,"fontStyle":null,"textDecoration":null,"color":null}},"questionStyles":{"selector":".Skin .QuestionText","styles":{"fontFamily":null,"fontSize":null,"fontWeight":null,"fontStyle":null,"textDecoration":null,"color":null}},"choiceStyles":{"selector":".Skin .horizontalbar th.ylabel, .Skin .Matrix table td, .Skin .Matrix table th, .Skin .Matrix table thead th, .Skin .Matrix table thead td, .Skin .PGR .DragAndDrop .Items label, .Skin .QuestionBody ul.ChoiceStructure, .Skin .PGR .DragAndDrop .Group ul, .Skin .PGR .DragAndDrop .Group h2, .Skin .PGR .DragAndDrop .Items ul, .Skin .PGR .DragAndDrop .Items h2, .Skin .DD .QuestionBody table.ChoiceStructure, .Skin .PGR .DragAndDrop .NoColumns td.groupsContainerTd div ul, .Skin .PGR .DragAndDrop .NoColumns td.groupsContainerTd div h2, .Skin .SBS thead th, .Skin .SBS td, .Skin .SBS .Answers td, .Skin .SBS .Answers th, .SBS table.ChoiceStructure, .Skin .horizontalbar thead table.LabelDescriptions tr td, .Skin .horizontalbar thead tr td.NotApplicable, .QuestionBody th, .Skin .QuestionBody .MC .MAVR label, .Skin .QuestionBody .MC .SAVR label, .Skin .SBS thead th, .Skin .SBS td, .Skin .RO .DND ul li, .Skin .reg, .SkinInner .ChoiceStructure, .Skin thead, .Skin .GAP .ChoiceStructure thead th, .Skin .GAP .ChoiceStructure .c4, .Skin .GAP .ChoiceStructure th, .Skin .GAP .ChoiceStructure .WhyText, .SkinInner .ChoiceStructure .LightBG, .Skin .QuestionOuter.Highlight .Inner .reg, .Skin .QuestionOuter.Highlight .Inner .alt, .Skin .QuestionOuter.Highlight .Inner .ReadableAlt       ","styles":{"fontFamily":null,"fontSize":null,"fontWeight":null,"fontStyle":null,"textDecoration":null,"color":null}},"headerStyles":{"selector":".Skin div#Header","styles":{"color":null}},"footerStyles":{"selector":".Skin #Footer","styles":{"color":null}},"questionSeparatorStyles":{"selector":".Skin .Separator","styles":{"backgroundColor":null,"display":"block"}},"highlightStyles":{"selector":".Skin .QuestionOuter.Highlight .Inner, .Skin .QuestionOuter.Highlight .Inner .reg, .Skin .QuestionOuter.Highlight .Inner .alt, .Skin .QuestionOuter.Highlight .Inner .ReadableAlt","styles":{"backgroundColor":null}},"highlightStylesAlt":{"selector":".Skin .QuestionOuter.Highlight .Inner .ReadableAlt, .Skin .QuestionOuter.Highlight .Inner .LightBG","styles":{"backgroundColor":null}},"textEntryStyles":{"selector":".Skin select, .Skin .InputText","styles":{"color":null}},"borderStyles":{"selector":".Skin .CS .horizontalbar table.sliderGrid tr.xlabel th, .Skin .CS .horizontalbar .ylabel, .Skin .CS .horizontalbar table.sliderGrid tr td.value, .Skin .Slider .horizontalbar table.sliderGrid tr.xlabel th, .Skin .BorderColor, .Skin .DarkBorderColor, .Skin .Slider .horizontalbar table.sliderGrid tr td.value, .Skin thead, .Skin .GAP .ChoiceStructure thead th  ","styles":{"borderColor":null}},"altRowStyles":{"selector":".Skin .ReadableAlt, .Skin .LightBG","styles":{"backgroundColor":null}},"customCSS":null},"HighlightQuestions":"off","EOSMessage":"","ShowExportTags":"false","CollectGeoLocation":"false","SurveyTitle":"Neurohackweek 2016","SurveyMetaDescription":"Qualtrics sophisticated online survey software solutions make creating online surveys easy. Learn more about Research Suite and get a free account today.","PasswordProtection":"Yes","AnonymizeResponse":"Yes","Password":"nhw17","RefererCheck":"No","RefererURL":"http:\/\/","EOSMessageLibrary":"","EOSRedirectURL":"https:\/\/","EmailThankYou":"false","ThankYouEmailMessageLibrary":null,"ThankYouEmailMessage":null,"ValidateMessage":"false","ValidationMessageLibrary":null,"InactiveSurvey":"DefaultMessage","InactiveMessageLibrary":"","InactiveMessage":"","AvailableLanguages":{"EN":[]},"ProtectSelectionIds":true,"SecureResponseFiles":"false","ActiveResponseSet":null,"PartialDataCloseAfter":"LastActivity"}},{"SurveyID":"SV_3KnL3xPUAOqoq6V","Element":"SCO","PrimaryAttribute":"Scoring","SecondaryAttribute":null,"TertiaryAttribute":null,"Payload":{"ScoringCategories":[],"ScoringCategoryGroups":[],"ScoringSummaryCategory":null,"ScoringSummaryAfterQuestions":0,"ScoringSummaryAfterSurvey":0,"DefaultScoringCategory":null,"AutoScoringCategory":null}},{"SurveyID":"SV_3KnL3xPUAOqoq6V","Element":"STAT","PrimaryAttribute":"Survey Statistics","SecondaryAttribute":null,"TertiaryAttribute":null,"Payload":{"MobileCompatible":false,"ID":"Survey Statistics"}},{"SurveyID":"SV_3KnL3xPUAOqoq6V","Element":"PROJ","PrimaryAttribute":"CORE","SecondaryAttribute":"1.0.0","TertiaryAttribute":null,"Payload":null},{"SurveyID":"SV_3KnL3xPUAOqoq6V","Element":"QC","PrimaryAttribute":"Survey Question Count","SecondaryAttribute":"76","TertiaryAttribute":null,"Payload":null},{"SurveyID":"SV_3KnL3xPUAOqoq6V","Element":"SQ","PrimaryAttribute":"QID39","SecondaryAttribute":"Approximately how many different hack projects did you work on at \"X Hack Week\"?","TertiaryAttribute":null,"Payload":{"QuestionText":"Approximately how many different hack projects did you work on at <b>\"X Hack Week\"<\/b>?","DefaultChoices":false,"DataExportTag":"Q39","QuestionType":"TE","Selector":"SL","Configuration":{"QuestionDescriptionOption":"UseText"},"QuestionDescription":"Approximately how many different hack projects did you work on at \"X Hack Week\"?","Validation":{"Settings":{"ForceResponse":"OFF","ForceResponseType":"ON","Type":"None"}},"GradingData":[],"Language":[],"QuestionID":"QID39","DataVisibility":{"Private":false,"Hidden":false},"NextChoiceId":1,"NextAnswerId":1}},{"SurveyID":"SV_3KnL3xPUAOqoq6V","Element":"SQ","PrimaryAttribute":"QID65","SecondaryAttribute":"Are you a US Citizen or permanent resident?","TertiaryAttribute":null,"Payload":{"QuestionText":"Are you a US Citizen or permanent resident?","DataExportTag":"Q42","QuestionType":"MC","Selector":"SAVR","SubSelector":"TX","Configuration":{"QuestionDescriptionOption":"UseText"},"QuestionDescription":"Are you a US Citizen or permanent resident?","Choices":{"1":{"Display":"Yes"},"2":{"Display":"No"}},"ChoiceOrder":["1","2"],"Validation":{"Settings":{"ForceResponse":"OFF","ForceResponseType":"ON","Type":"None"}},"Language":[],"QuestionID":"QID65","DataVisibility":{"Private":false,"Hidden":false},"NextChoiceId":3,"NextAnswerId":1}},{"SurveyID":"SV_3KnL3xPUAOqoq6V","Element":"SQ","PrimaryAttribute":"QID73","SecondaryAttribute":"Are you of Hispanic, Latino, or Spanish origin?","TertiaryAttribute":null,"Payload":{"QuestionText":"Are you of Hispanic, Latino, or Spanish origin?","DataExportTag":"Q39","QuestionType":"MC","Selector":"SAVR","SubSelector":"TX","Configuration":{"QuestionDescriptionOption":"UseText"},"QuestionDescription":"Are you of Hispanic, Latino, or Spanish origin?","Choices":{"2":{"Display":"Yes"},"4":{"Display":"No"}},"ChoiceOrder":["2","4"],"Validation":{"Settings":{"ForceResponse":"OFF","ForceResponseType":"ON","Type":"None"}},"Language":[],"NextChoiceId":5,"NextAnswerId":1,"QuestionID":"QID73","DataVisibility":{"Private":false,"Hidden":false}}},{"SurveyID":"SV_3KnL3xPUAOqoq6V","Element":"SQ","PrimaryAttribute":"QID7","SecondaryAttribute":"BEFORE you came to \"X Hack Week\", how much were you hoping to learn about the following topics du...","TertiaryAttribute":null,"Payload":{"QuestionText":"BEFORE you came to \"<b>X Hack Week<\/b>\", how much were you hoping to learn about the following topics during the event?","DefaultChoices":false,"DataExportTag":"Q7","QuestionType":"Matrix","Selector":"Likert","SubSelector":"SingleAnswer","Configuration":{"QuestionDescriptionOption":"UseText","TextPosition":"inline","ChoiceColumnWidth":25,"RepeatHeaders":"none","WhiteSpace":"OFF","MobileFirst":true},"QuestionDescription":"BEFORE you came to \"X Hack Week\", how much were you hoping to learn about the following topics du...","Choices":{"1":{"Display":"Hacking"},"2":{"Display":"Statistics"},"3":{"Display":"Machine learning"},"4":{"Display":"Programming"},"5":{"Display":"Image processing","InputHeight":29,"InputWidth":20},"6":{"Display":"Visualization"},"7":{"Display":"Big data methods"},"9":{"Display":"Cloud computing"},"11":{"Display":"Data processing pipelines"},"13":{"Display":"X Science Domain"}},"ChoiceOrder":["13",2,3,4,5,6,7,"9","11",1],"Validation":{"Settings":{"ForceResponse":"OFF","ForceResponseType":"ON","Type":"None"}},"GradingData":[],"Language":[],"Answers":{"1":{"Display":"Not at all"},"2":{"Display":"A little"},"3":{"Display":"Some"},"5":{"Display":"A lot"},"6":{"Display":"Almost exclusively"},"7":{"Display":"I'm not sure"}},"AnswerOrder":[1,2,3,5,6,7],"ChoiceDataExportTags":false,"QuestionID":"QID7","DataVisibility":{"Private":false,"Hidden":false},"NextChoiceId":14,"NextAnswerId":9}},{"SurveyID":"SV_3KnL3xPUAOqoq6V","Element":"RS","PrimaryAttribute":"RS_9zaAODXDYLEq35z","SecondaryAttribute":"Default Response Set","TertiaryAttribute":null,"Payload":null},{"SurveyID":"SV_3KnL3xPUAOqoq6V","Element":"SQ","PrimaryAttribute":"QID49","SecondaryAttribute":"How did you first hear about \"X hack week\"?","TertiaryAttribute":null,"Payload":{"QuestionText":"How did you first hear about <b>\"X hack week\"<\/b>?","DefaultChoices":false,"DataExportTag":"Q49","QuestionType":"TE","Selector":"ML","Configuration":{"QuestionDescriptionOption":"UseText"},"QuestionDescription":"How did you first hear about \"X hack week\"?","Validation":{"Settings":{"ForceResponse":"OFF","ForceResponseType":"ON","Type":"None"}},"GradingData":[],"Language":[],"QuestionID":"QID49","DataVisibility":{"Private":false,"Hidden":false},"NextChoiceId":1,"NextAnswerId":1}},{"SurveyID":"SV_3KnL3xPUAOqoq6V","Element":"SQ","PrimaryAttribute":"QID69","SecondaryAttribute":"How likely would you be to recommend participation in \"X Hack Week\" to a friend\/colleague (0: not...","TertiaryAttribute":null,"Payload":{"QuestionText":"How likely would you be to recommend participation in <b>\"X Hack Week\"<\/b> to a friend\/colleague (0: not at all, 100: certainly)?","DefaultChoices":false,"DataExportTag":"Q46","QuestionType":"Slider","Selector":"HSLIDER","Configuration":{"QuestionDescriptionOption":"UseText","CSSliderMin":0,"CSSliderMax":100,"GridLines":10,"SnapToGrid":false,"NumDecimals":"0","ShowValue":true,"CustomStart":false,"NotApplicable":false,"MobileFirst":true},"QuestionDescription":"How likely would you be to recommend participation in \"X Hack Week\" to a friend\/colleague (0: not...","Choices":{"1":{"Display":""}},"ChoiceOrder":["1"],"Validation":{"Settings":{"ForceResponse":"OFF","ForceResponseType":"ON","Type":"None"}},"GradingData":[],"Language":[],"Labels":[],"QuestionID":"QID69","DataVisibility":{"Private":false,"Hidden":false},"NextChoiceId":2,"NextAnswerId":1}},{"SurveyID":"SV_3KnL3xPUAOqoq6V","Element":"SQ","PrimaryAttribute":"QID2","SecondaryAttribute":"How many previous \"hacking\" events have you been to?","TertiaryAttribute":null,"Payload":{"QuestionText":"How many previous \"hacking\" events have you been to?","DefaultChoices":false,"DataExportTag":"Q2","QuestionID":"QID2","QuestionType":"MC","Selector":"SAHR","SubSelector":"TX","Configuration":{"QuestionDescriptionOption":"UseText","LabelPosition":"BELOW"},"QuestionDescription":"How many previous \"hacking\" events have you been to?","Choices":{"1":{"Display":"0"},"2":{"Display":"1"},"3":{"Display":"2"},"4":{"Display":"3-5"},"5":{"Display":"5-10"},"6":{"Display":"10+"}},"ChoiceOrder":[1,2,3,4,5,6],"Validation":{"Settings":{"ForceResponse":"OFF","ForceResponseType":"ON","Type":"None"}},"GradingData":[],"Language":[]}},{"SurveyID":"SV_3KnL3xPUAOqoq6V","Element":"SQ","PrimaryAttribute":"QID20","SecondaryAttribute":"In one sentence, describe what \"X Hack Week\" is, as if you are explaining it to one of your colle...","TertiaryAttribute":null,"Payload":{"QuestionText":"In one sentence, describe what <b>\"X Hack Week\"<\/b> is, as if you are explaining it to one of your colleagues.","DefaultChoices":false,"DataExportTag":"Q20","QuestionType":"TE","Selector":"ML","Configuration":{"QuestionDescriptionOption":"UseText"},"QuestionDescription":"In one sentence, describe what \"X Hack Week\" is, as if you are explaining it to one of your colle...","Validation":{"Settings":{"ForceResponse":"OFF","ForceResponseType":"ON","Type":"None"}},"GradingData":[],"Language":[],"QuestionID":"QID20","DataVisibility":{"Private":false,"Hidden":false},"NextChoiceId":1,"NextAnswerId":1}},{"SurveyID":"SV_3KnL3xPUAOqoq6V","Element":"SQ","PrimaryAttribute":"QID21","SecondaryAttribute":"In one sentence, describe what you think \u201chack\u201d means.","TertiaryAttribute":null,"Payload":{"QuestionText":"In one sentence, describe what you think \u201chack\u201d means.","DefaultChoices":false,"DataExportTag":"Q21","QuestionType":"TE","Selector":"ML","Configuration":{"QuestionDescriptionOption":"UseText"},"QuestionDescription":"In one sentence, describe what you think \u201chack\u201d means.","Validation":{"Settings":{"ForceResponse":"OFF","ForceResponseType":"ON","Type":"None"}},"GradingData":[],"Language":[],"QuestionID":"QID21"}},{"SurveyID":"SV_3KnL3xPUAOqoq6V","Element":"SQ","PrimaryAttribute":"QID43","SecondaryAttribute":"Neurohackweek 2016 survey University of Washington Consent to Participate in S","TertiaryAttribute":null,"Payload":{"QuestionText":"<p><span style=\"font-size:16px;\"><strong>\"X Hack Week\" \"YEAR\" Survey<\/strong><\/span><\/p>\n\n<p>&nbsp;<\/p>\n\n<p>&nbsp;<\/p>\n\n<p><strong>University of Washington&nbsp;<\/strong><\/p><p><strong>Consent to Participate in Survey Research<\/strong><\/p><p><strong>Data Science Practice and Culture<\/strong><\/p><p><br><\/p><p>\n<span style=\"font-size: 16px; white-space: pre-wrap;\"><strong>Purpose and Procedure&nbsp;<\/strong><\/span><\/p><p><span style=\"font-size: 16px; white-space: pre-wrap;\">We (<b>NAMES HERE<\/b>) are asking you to take this survey because you were a participant at <b>\"X Hack Week\"<\/b>. We are studying how scientists learn to work with complex datasets and computational tools, so that we can better plan and support future events like <b>\"X Hack Week\"<\/b>. <\/span><span style=\"font-size: 16px; white-space: pre-wrap;\">We are also studying the changing landscape of data-intensive science more broadly, and so we will also ask some questions about topics like open science and reproducibility.&nbsp;<\/span><\/p><p><span style=\"font-size: 16px; white-space: pre-wrap;\"><br><\/span><\/p><p><span style=\"font-size: 16px; white-space: pre-wrap;\">If you agree to take the survey, it will take about 20 minutes. There is a progress bar at the top of each page, so you can know how far along you are. <\/span><strong>&nbsp;<\/strong><\/p><p><span style=\"font-size: 16px; white-space: pre-wrap;\"><strong><br><\/strong><\/span><\/p><p><span style=\"font-size: 16px; white-space: pre-wrap;\"><strong>Rights and benefits&nbsp;<\/strong><\/span><\/p><p><span style=\"font-size: 16px; white-space: pre-wrap;\">Taking this survey is completely voluntary. You can stop at any time, and you can leave any question blank. There are no direct benefits to you taking the survey and there is no penalty for choosing to not participate. However, we are using this data to help plan the next <b>X Hack Week <\/b>and to better understand how to support similar events in the future. <strong>&nbsp;<\/strong><\/span><\/p><p><span style=\"font-size: 16px; white-space: pre-wrap;\"><strong><br><\/strong><\/span><\/p><p><span style=\"font-size: 16px; white-space: pre-wrap;\"><strong>Confidentiality&nbsp;<\/strong><\/span><\/p><p><span style=\"font-size: 16px; white-space: pre-wrap;\">Your study data will be handled as confidentially as possible. No names or affiliations will be collected, and we have sought to minimize our collection of potentially personally-identifiable information. We will optionally ask for broad demographic information, and there are free-form questions where you may be able to personally identify yourself in your responses.&nbsp;<\/span><\/p><p><span style=\"font-size: 16px; white-space: pre-wrap;\"><br><\/span><\/p><p><span style=\"font-size: 16px; white-space: pre-wrap;\">We will not attempt to infer the identity of any individual from demographic or free-form responses. We may use quotes from your free-form responses in blog posts, reports, or articles about <b>\"X Hack Week\"<\/b>. If we quote you, we will use at most one demographic category to attribute you (e.g. \"a postdoc participant at <b>X Hack Week<\/b>\" or \"a male participant at <b>X Hack Week<\/b>\").&nbsp;<\/span><\/p><p><span style=\"font-size: 16px; white-space: pre-wrap;\"><br><\/span><\/p><p><span style=\"font-size: 16px; white-space: pre-wrap;\">We will securely store raw survey data in Qualtrics, a survey system authorized by UW to store data in a manner compliant with HIPAA and HITECH standards. The only people who will have access to the full survey data will be the organizers of <b>\"X Hack Week\"<\/b> and the ethnographers studying \"<b>X Hack Week\"<\/b>.&nbsp;<\/span><\/p><p><span style=\"font-size: 16px; white-space: pre-wrap;\"><br><\/span><\/p><p><span style=\"font-size: 16px; white-space: pre-wrap;\">When the research is completed, we may save the data for use in future research. We will retain these records for up to 24 months after the study is over. The same measures described above will be taken to protect confidentiality of this data.<strong>&nbsp;<\/strong><\/span><\/p><p><span style=\"font-size: 16px; white-space: pre-wrap;\"><strong><br><\/strong><\/span><\/p><p><span style=\"font-size: 16px; white-space: pre-wrap;\"><strong>Questions&nbsp;<\/strong><\/span><\/p><p><span style=\"font-size: 16px; white-space: pre-wrap;\">If you have any questions about this research, please feel free to contact \"<b>Name (email)\"<\/b>.<\/span><\/p>\n\n<p>&nbsp;<\/p>\n\n<p><br>\n<span style=\"font-size:16px;\"><strong>If you agree to take part in the survey, please continue.<\/strong><\/span><\/p>","DefaultChoices":false,"DataExportTag":"Q44","QuestionType":"DB","Selector":"PTB","Configuration":{"QuestionDescriptionOption":"SpecifyLabel"},"QuestionDescription":"Neurohackweek 2016 survey University of Washington Consent to Participate in S","ChoiceOrder":[],"Validation":{"Settings":{"Type":"None"}},"GradingData":[],"Language":[],"QuestionID":"QID43","DataVisibility":{"Private":false,"Hidden":false},"NextChoiceId":1,"NextAnswerId":1}},{"SurveyID":"SV_3KnL3xPUAOqoq6V","Element":"SQ","PrimaryAttribute":"QID68","SecondaryAttribute":"On average, how educational did you feel the following activities and sessions were for you?","TertiaryAttribute":null,"Payload":{"QuestionText":"On average, how educational did you feel the following activities and sessions were for you?","DefaultChoices":false,"DataExportTag":"Q45","QuestionType":"Matrix","Selector":"Likert","SubSelector":"SingleAnswer","Configuration":{"QuestionDescriptionOption":"UseText","TextPosition":"inline","ChoiceColumnWidth":25,"RepeatHeaders":"none","WhiteSpace":"OFF","MobileFirst":true},"QuestionDescription":"On average, how educational did you feel the following activities and sessions were for you?","Choices":{"3":{"Display":"Hack sessions"},"4":{"Display":"Social events"},"6":{"Display":"Tutorials"},"36":{"Display":"Breakout sessions"}},"ChoiceOrder":["6",3,4,"36"],"Validation":{"Settings":{"ForceResponse":"OFF","ForceResponseType":"ON","Type":"None"}},"GradingData":[],"Language":[],"Answers":{"1":{"Display":"Not educational"},"3":{"Display":"Slightly educational"},"4":{"Display":"Somewhat educational"},"5":{"Display":"Highly educational"},"6":{"Display":"Extremely educational"},"7":{"Display":"Did not experience"}},"AnswerOrder":[1,3,4,5,6,7],"ChoiceDataExportTags":false,"QuestionID":"QID68","DataVisibility":{"Private":false,"Hidden":false},"NextChoiceId":37,"NextAnswerId":9}},{"SurveyID":"SV_3KnL3xPUAOqoq6V","Element":"SQ","PrimaryAttribute":"QID16","SecondaryAttribute":"On average, how enjoyable did you feel the following activities were for you?","TertiaryAttribute":null,"Payload":{"QuestionText":"On average, how enjoyable did you feel the following activities were for you?","DefaultChoices":false,"DataExportTag":"Q16","QuestionType":"Matrix","Selector":"Likert","SubSelector":"SingleAnswer","Configuration":{"QuestionDescriptionOption":"UseText","TextPosition":"inline","ChoiceColumnWidth":25,"RepeatHeaders":"none","WhiteSpace":"OFF","MobileFirst":true},"QuestionDescription":"On average, how enjoyable did you feel the following activities were for you?","Choices":{"3":{"Display":"Hack sessions"},"4":{"Display":"Social events"},"23":{"Display":"Tutorials","InputHeight":29,"InputWidth":149},"36":{"Display":"Breakout sessions"}},"ChoiceOrder":["23",3,4,"36"],"Validation":{"Settings":{"ForceResponse":"OFF","ForceResponseType":"ON","Type":"None"}},"GradingData":[],"Language":[],"Answers":{"1":{"Display":"Not enjoyable"},"3":{"Display":"Slightly enjoyable"},"4":{"Display":"Somewhat enjoyable"},"5":{"Display":"Highly enjoyable"},"6":{"Display":"Extremely enjoyable"},"7":{"Display":"Did not experience"}},"AnswerOrder":[1,3,4,5,6,7],"ChoiceDataExportTags":false,"QuestionID":"QID16","DataVisibility":{"Private":false,"Hidden":false},"NextChoiceId":37,"NextAnswerId":8}},{"SurveyID":"SV_3KnL3xPUAOqoq6V","Element":"SQ","PrimaryAttribute":"QID75","SecondaryAttribute":"On average, how useful did you feel the following tutorials were? (LIST EACH SPECIFIC TUTORIAL) -...","TertiaryAttribute":null,"Payload":{"QuestionText":"On average, how useful did you feel the following tutorials were? (LIST EACH SPECIFIC TUTORIAL) - optional question to help determine who to invite back","DefaultChoices":false,"DataExportTag":"Q41","QuestionID":"QID75","QuestionType":"Matrix","Selector":"Likert","SubSelector":"SingleAnswer","Configuration":{"QuestionDescriptionOption":"UseText","TextPosition":"inline","ChoiceColumnWidth":25,"RepeatHeaders":"none","WhiteSpace":"OFF","MobileFirst":true},"QuestionDescription":"On average, how useful did you feel the following tutorials were? (LIST EACH SPECIFIC TUTORIAL) -...","Choices":{"1":{"Display":"Title, speaker, date"},"2":{"Display":"Click to write Statement 2"},"3":{"Display":"Click to write Statement 3"}},"ChoiceOrder":["1","2","3"],"Validation":{"Settings":{"ForceResponse":"OFF","ForceResponseType":"ON","Type":"None"}},"GradingData":[],"Language":[],"NextChoiceId":4,"NextAnswerId":7,"Answers":{"1":{"Display":"Not useful"},"2":{"Display":"Slightly useful"},"3":{"Display":"Somewhat useful"},"4":{"Display":"Highly useful"},"5":{"Display":"Extremely useful"},"6":{"Display":"Did not experience"}},"AnswerOrder":["1","2","3","4","5","6"],"ChoiceDataExportTags":false,"DataVisibility":{"Private":false,"Hidden":false}}},{"SurveyID":"SV_3KnL3xPUAOqoq6V","Element":"SQ","PrimaryAttribute":"QID53","SecondaryAttribute":"Page 1\/5","TertiaryAttribute":null,"Payload":{"QuestionText":"<span style=\"font-size:24px;\">Page 1\/5<\/span>","DefaultChoices":false,"DataExportTag":"Q53","QuestionType":"DB","Selector":"TB","Configuration":{"QuestionDescriptionOption":"UseText"},"QuestionDescription":"Page 1\/5","ChoiceOrder":[],"Validation":{"Settings":{"Type":"None"}},"GradingData":[],"Language":[],"QuestionID":"QID53"}},{"SurveyID":"SV_3KnL3xPUAOqoq6V","Element":"SQ","PrimaryAttribute":"QID54","SecondaryAttribute":"Page 2\/5","TertiaryAttribute":null,"Payload":{"QuestionText":"<span style=\"font-size:24px;\">Page 2\/5<\/span>","DefaultChoices":false,"DataExportTag":"Q54","QuestionType":"DB","Selector":"TB","Configuration":{"QuestionDescriptionOption":"UseText"},"QuestionDescription":"Page 2\/5","ChoiceOrder":[],"Validation":{"Settings":{"Type":"None"}},"GradingData":[],"Language":[],"QuestionID":"QID54"}},{"SurveyID":"SV_3KnL3xPUAOqoq6V","Element":"SQ","PrimaryAttribute":"QID61","SecondaryAttribute":"Page 3\/5","TertiaryAttribute":null,"Payload":{"QuestionText":"<span style=\"font-size:22px;\">Page 3\/5<\/span>","DefaultChoices":false,"DataExportTag":"Q38","QuestionType":"DB","Selector":"TB","Configuration":{"QuestionDescriptionOption":"UseText"},"QuestionDescription":"Page 3\/5","ChoiceOrder":[],"Validation":{"Settings":{"Type":"None"}},"GradingData":[],"Language":[],"QuestionID":"QID61"}},{"SurveyID":"SV_3KnL3xPUAOqoq6V","Element":"SQ","PrimaryAttribute":"QID46","SecondaryAttribute":"Page 4\/5 You're almost done! There are just a few demographic questions after this page.","TertiaryAttribute":null,"Payload":{"QuestionText":"<span style=\"font-size:24px;\">Page 4\/5<\/span><br>\n<br>You're almost done! There are just a few demographic questions after this page.","DefaultChoices":false,"DataExportTag":"Q46","QuestionType":"DB","Selector":"TB","Configuration":{"QuestionDescriptionOption":"UseText"},"QuestionDescription":"Page 4\/5 You're almost done! There are just a few demographic questions after this page.","ChoiceOrder":[],"Validation":{"Settings":{"Type":"None"}},"GradingData":[],"Language":[],"QuestionID":"QID46"}},{"SurveyID":"SV_3KnL3xPUAOqoq6V","Element":"SQ","PrimaryAttribute":"QID45","SecondaryAttribute":"Page 5\/5 \u00a0 These are some optional questions about you, they shouldn't take long.","TertiaryAttribute":null,"Payload":{"QuestionText":"<span style=\"font-size:24px;\">Page 5\/5<\/span>\n<div>&nbsp;<\/div>\n\n<div>These are some optional questions about you, they shouldn't take long.<\/div>","DefaultChoices":false,"DataExportTag":"Q45","QuestionType":"DB","Selector":"TB","Configuration":{"QuestionDescriptionOption":"UseText"},"QuestionDescription":"Page 5\/5 \u00a0 These are some optional questions about you, they shouldn't take long.","ChoiceOrder":[],"Validation":{"Settings":{"Type":"None"}},"GradingData":[],"Language":[],"QuestionID":"QID45"}},{"SurveyID":"SV_3KnL3xPUAOqoq6V","Element":"SQ","PrimaryAttribute":"QID74","SecondaryAttribute":"Please check the boxes for the language(s) with which you can execute the tasks listed. (check al...","TertiaryAttribute":null,"Payload":{"QuestionText":"Please check the boxes for the language(s) with which you can execute the tasks listed. (check all that apply)","DefaultChoices":false,"DataExportTag":"Q40","QuestionID":"QID74","QuestionType":"Matrix","Selector":"Likert","SubSelector":"MultipleAnswer","DataVisibility":{"Private":false,"Hidden":false},"Configuration":{"QuestionDescriptionOption":"UseText","TextPosition":"inline","ChoiceColumnWidth":25,"RepeatHeaders":"middle","WhiteSpace":"OFF","MobileFirst":true},"QuestionDescription":"Please check the boxes for the language(s) with which you can execute the tasks listed. (check al...","Choices":{"2":{"Display":"Never heard of this language"},"3":{"Display":"Heard of this language, but never used it"},"4":{"Display":"Print \"Hello world!\" to console"},"5":{"Display":"Write any function"},"6":{"Display":"Read data from tab-delimited file"},"7":{"Display":"Import a library package"},"8":{"Display":"Produce a plot or graph"},"9":{"Display":"Scrape a web page"},"10":{"Display":"Train statistical or machine learning model"},"11":{"Display":"Work with >1TB of data"},"12":{"Display":"Develop a complex application or module"},"13":{"Display":"Documented and released production code intended for use by others"},"14":{"Display":"Contributed to community-supported open-source project"}},"ChoiceOrder":["2","3","4","5","6","7","8","9","10","11","12","13","14"],"Validation":{"Settings":{"ForceResponse":"OFF","ForceResponseType":"ON","Type":"None"}},"GradingData":[],"Language":[],"NextChoiceId":15,"NextAnswerId":10,"Answers":{"1":{"Display":"Python"},"2":{"Display":"R"},"3":{"Display":"Julia"},"4":{"Display":"Matlab"},"5":{"Display":"Java"},"6":{"Display":"JavaScript"},"7":{"Display":"C\/C++"},"8":{"Display":"Shell scripting, e.g. bash"},"9":{"Display":"Other"}},"AnswerOrder":["1","2","3","4","5","6","7","8","9"],"ChoiceDataExportTags":false}},{"SurveyID":"SV_3KnL3xPUAOqoq6V","Element":"SQ","PrimaryAttribute":"QID19","SecondaryAttribute":"Please say how strongly you agree or disagree with the following statements:","TertiaryAttribute":null,"Payload":{"QuestionText":"Please say how strongly you agree or disagree with the following statements:","DefaultChoices":false,"DataExportTag":"Q19","QuestionType":"Matrix","Selector":"Likert","SubSelector":"SingleAnswer","Configuration":{"QuestionDescriptionOption":"UseText","TextPosition":"inline","ChoiceColumnWidth":25,"RepeatHeaders":"both","WhiteSpace":"OFF","MobileFirst":true},"QuestionDescription":"Please say how strongly you agree or disagree with the following statements:","Choices":{"1":{"Display":"I felt like I belonged at \"X Hack Week\""},"2":{"Display":"I felt like I could follow along with the tutorials"},"3":{"Display":"I felt like I could ask the lecturers for help"},"4":{"Display":"I felt like I had more experience than most people in the room"},"5":{"Display":"I felt like my contributions to my hack team(s) were valued"},"6":{"Display":"I felt comfortable pitching my projects to others"},"7":{"Display":"I felt like it was hard for me to find people to hack with"},"9":{"Display":"I felt like I couldn't focus on the projects I \/ my team was working on"},"10":{"Display":"I felt like I couldn't ask other participants around me for help"},"11":{"Display":"I felt like other participants took me seriously"},"13":{"Display":"I feel disappointed at how much I have accomplished and think I should have accomplished much more"},"14":{"Display":"I appreciated having everyone working in one room"},"15":{"Display":"Sometimes I was worried that others would discover how much knowledge or ability I really lack."},"17":{"Display":"I rarely do a project or task as well as I\u2019d like to do it"}},"ChoiceOrder":[1,2,"15",3,4,5,6,7,9,"17",10,11,"13","14"],"Validation":{"Settings":{"ForceResponse":"OFF","ForceResponseType":"ON","Type":"None"}},"GradingData":[],"Language":[],"Answers":{"1":{"Display":"Strongly Disagree"},"2":{"Display":"Disagree"},"3":{"Display":"Somewhat Disagree"},"4":{"Display":"Somewhat Agree"},"5":{"Display":"Agree"},"6":{"Display":"Strongly Agree"},"7":{"Display":"I don't know"}},"AnswerOrder":[1,2,3,4,5,6,7],"ChoiceDataExportTags":false,"QuestionID":"QID19","DataVisibility":{"Private":false,"Hidden":false},"NextChoiceId":18,"NextAnswerId":8}},{"SurveyID":"SV_3KnL3xPUAOqoq6V","Element":"SQ","PrimaryAttribute":"QID23","SecondaryAttribute":"Please say how strongly you agree or disagree with the following statements:","TertiaryAttribute":null,"Payload":{"QuestionText":"Please say how strongly you agree or disagree with the following statements:","DefaultChoices":false,"DataExportTag":"Q23","QuestionType":"Matrix","Selector":"Likert","SubSelector":"SingleAnswer","Configuration":{"QuestionDescriptionOption":"UseText","TextPosition":"inline","ChoiceColumnWidth":25,"RepeatHeaders":"both","MobileFirst":true,"WhiteSpace":"OFF"},"QuestionDescription":"Please say how strongly you agree or disagree with the following statements:","Choices":{"1":{"Display":"I ended up hacking on my own most of the time"},"2":{"Display":"I ended up teaching things to other people"},"3":{"Display":"I hacked on topics, tools, or methods that were very new to me"},"4":{"Display":"I felt like I hacked on projects that were interesting to me"},"5":{"Display":"I hacked on many different projects throughout the week"},"6":{"Display":"I didn't personally know anyone at the hack week before I came"},"7":{"Display":"I spent a lot of time on things that weren't related to the hack week"},"8":{"Display":"I felt like I couldn't work on what I wanted to throughout the week"}},"ChoiceOrder":[1,2,3,4,5,6,7,8],"Validation":{"Settings":{"ForceResponse":"OFF","ForceResponseType":"ON","Type":"None"}},"GradingData":[],"Language":[],"Answers":{"1":{"Display":"Strongly Disagree"},"2":{"Display":"Disagree"},"3":{"Display":"Somewhat Disagree"},"4":{"Display":"Somewhat Agree"},"5":{"Display":"Agree"},"6":{"Display":"Strongly Agree"},"7":{"Display":"I don't know"}},"AnswerOrder":[1,2,3,4,5,6,7],"ChoiceDataExportTags":false,"QuestionID":"QID23","DataVisibility":{"Private":false,"Hidden":false},"NextChoiceId":9,"NextAnswerId":8}},{"SurveyID":"SV_3KnL3xPUAOqoq6V","Element":"SQ","PrimaryAttribute":"QID24","SecondaryAttribute":"Please say how strongly you agree or disagree with the following statements:","TertiaryAttribute":null,"Payload":{"QuestionText":"Please say how strongly you agree or disagree with the following statements:","DefaultChoices":false,"DataExportTag":"Q24","QuestionType":"Matrix","Selector":"Likert","SubSelector":"SingleAnswer","Configuration":{"QuestionDescriptionOption":"UseText","TextPosition":"inline","ChoiceColumnWidth":25,"RepeatHeaders":"bottom","WhiteSpace":"OFF","MobileFirst":true},"QuestionDescription":"Please say how strongly you agree or disagree with the following statements:","Choices":{"1":{"Display":"I believe that \"X Hack Week\" was useful for my future career"},"2":{"Display":"I believe that I learned skills at \"X Hack Week\" that are applicable outside academia"},"3":{"Display":"I believe that \"X Hack Week\" helped make me a better scientist"},"4":{"Display":"I feel like I learned things which improve my day to day research"},"5":{"Display":"I felt like I built valuable connections at \"X Hack Week\""}},"ChoiceOrder":[1,2,3,4,5],"Validation":{"Settings":{"ForceResponse":"OFF","ForceResponseType":"ON","Type":"None"}},"GradingData":[],"Language":[],"Answers":{"1":{"Display":"Strongly Disagree"},"2":{"Display":"Disagree"},"3":{"Display":"Somewhat Disagree"},"4":{"Display":"Somewhat Agree"},"5":{"Display":"Agree"},"6":{"Display":"Strongly Agree"},"7":{"Display":"I don't know"}},"AnswerOrder":[1,2,3,4,5,6,7],"ChoiceDataExportTags":false,"QuestionID":"QID24","DataVisibility":{"Private":false,"Hidden":false},"NextChoiceId":6,"NextAnswerId":8}},{"SurveyID":"SV_3KnL3xPUAOqoq6V","Element":"SQ","PrimaryAttribute":"QID38","SecondaryAttribute":"Please say how strongly you agree or disagree with the following statements:","TertiaryAttribute":null,"Payload":{"QuestionText":"Please say how strongly you agree or disagree with the following statements:","DefaultChoices":false,"DataExportTag":"Q38","QuestionType":"Matrix","Selector":"Likert","SubSelector":"SingleAnswer","Configuration":{"QuestionDescriptionOption":"UseText","TextPosition":"inline","ChoiceColumnWidth":25,"RepeatHeaders":"both","WhiteSpace":"OFF","MobileFirst":true},"QuestionDescription":"Please say how strongly you agree or disagree with the following statements:","Choices":{"1":{"Display":"I put code and\/or data I created at \"X Hack Week\" up on GitHub or another public repository"},"2":{"Display":"Before \"X Hack Week\", most of my code & data was already on GitHub or another public repository"},"3":{"Display":"I feel scientists have an obligation to make their code & data public"},"4":{"Display":"I am embarrassed to put my code & data online"},"5":{"Display":"I am afraid that if I put my code & data public, I will be scooped"},"6":{"Display":"I feel like \"X Hack Week\" has made me more comfortable with doing open science"}},"ChoiceOrder":[1,2,3,4,5,6],"Validation":{"Settings":{"ForceResponse":"OFF","ForceResponseType":"ON","Type":"None"}},"GradingData":[],"Language":[],"Answers":{"1":{"Display":"Strongly Disagree"},"2":{"Display":"Disagree"},"3":{"Display":"Somewhat Disagree"},"4":{"Display":"Somewhat Agree"},"5":{"Display":"Agree"},"6":{"Display":"Strongly Agree"},"7":{"Display":"I don't know"}},"AnswerOrder":[1,2,3,4,5,6,7],"ChoiceDataExportTags":false,"QuestionID":"QID38","DataVisibility":{"Private":false,"Hidden":false},"NextChoiceId":7,"NextAnswerId":8}},{"SurveyID":"SV_3KnL3xPUAOqoq6V","Element":"SQ","PrimaryAttribute":"QID22","SecondaryAttribute":"Rate how much you think you learned about the following topics at \"X Hack Week\":","TertiaryAttribute":null,"Payload":{"QuestionText":"Rate how much you think you learned about the following topics at <b>\"X Hack Week\"<\/b>:","DefaultChoices":false,"DataExportTag":"Q22","QuestionType":"Matrix","Selector":"Likert","SubSelector":"SingleAnswer","Configuration":{"QuestionDescriptionOption":"UseText","TextPosition":"inline","ChoiceColumnWidth":25,"RepeatHeaders":"none","MobileFirst":true,"WhiteSpace":"OFF"},"QuestionDescription":"Rate how much you think you learned about the following topics at \"X Hack Week\":","Choices":{"1":{"Display":"X Science Domain"},"2":{"Display":"Statistics"},"3":{"Display":"Machine learning"},"4":{"Display":"Programming"},"5":{"Display":"Image processing"},"6":{"Display":"Visualization"},"7":{"Display":"Big data methods"},"8":{"Display":"Hacking"},"9":{"Display":"Cloud computing"},"11":{"Display":"Data processing pipelines"}},"ChoiceOrder":[1,2,3,4,5,6,7,"9","11",8],"Validation":{"Settings":{"ForceResponse":"OFF","ForceResponseType":"ON","Type":"None"}},"GradingData":[],"Language":[],"Answers":{"1":{"Display":"Nothing"},"2":{"Display":"A little"},"3":{"Display":"Some"},"5":{"Display":"A lot"},"6":{"Display":"Almost exclusively"},"7":{"Display":"I'm not sure"}},"AnswerOrder":[1,2,3,5,6,7],"ChoiceDataExportTags":false,"QuestionID":"QID22","DataVisibility":{"Private":false,"Hidden":false},"NextChoiceId":13,"NextAnswerId":9}},{"SurveyID":"SV_3KnL3xPUAOqoq6V","Element":"SQ","PrimaryAttribute":"QID76","SecondaryAttribute":"Should \"X Hack week\" have:","TertiaryAttribute":null,"Payload":{"QuestionText":"Should \"X Hack week\" have:","DefaultChoices":false,"DataExportTag":"Q39","QuestionType":"Slider","Selector":"HSLIDER","Configuration":{"QuestionDescriptionOption":"UseText","CSSliderMin":0,"CSSliderMax":100,"GridLines":10,"SnapToGrid":false,"NumDecimals":"0","ShowValue":true,"CustomStart":true,"SliderStartPositions":{"4":0.5},"NotApplicable":false,"MobileFirst":true},"QuestionDescription":"Should \"X Hack week\" have:","Choices":{"4":{"Display":"Click to write Choice 1"}},"ChoiceOrder":["4"],"Validation":{"Settings":{"ForceResponse":"OFF","ForceResponseType":"ON","Type":"None"}},"GradingData":[],"Language":[],"NextChoiceId":5,"NextAnswerId":3,"Labels":{"1":{"Display":"More hacking"},"2":{"Display":"More lectures\/tutorials"}},"QuestionID":"QID76","DataVisibility":{"Private":false,"Hidden":false}}},{"SurveyID":"SV_3KnL3xPUAOqoq6V","Element":"SQ","PrimaryAttribute":"QID56","SecondaryAttribute":"That's all the questions we have about \"X Hack Week\"! Is there anything else you'd like to tell u...","TertiaryAttribute":null,"Payload":{"QuestionText":"That's all the questions we have about \"X Hack Week\"! Is there anything else you'd like to tell us about \"X Hack Week\", including any recommendations on how we can improve future events?","DefaultChoices":false,"DataExportTag":"Q56","QuestionType":"TE","Selector":"ML","Configuration":{"QuestionDescriptionOption":"UseText"},"QuestionDescription":"That's all the questions we have about \"X Hack Week\"! Is there anything else you'd like to tell u...","Validation":{"Settings":{"ForceResponse":"OFF","ForceResponseType":"ON","Type":"None"}},"GradingData":[],"Language":[],"QuestionID":"QID56","DataVisibility":{"Private":false,"Hidden":false},"NextChoiceId":1,"NextAnswerId":1}},{"SurveyID":"SV_3KnL3xPUAOqoq6V","Element":"SQ","PrimaryAttribute":"QID62","SecondaryAttribute":"Was any tutorial on Monday particularly educational or enjoyable? Which one?","TertiaryAttribute":null,"Payload":{"QuestionText":"Was any tutorial on Monday particularly educational or enjoyable? Which one?","DefaultChoices":false,"DataExportTag":"Q39","QuestionType":"TE","Selector":"SL","Configuration":{"QuestionDescriptionOption":"UseText"},"QuestionDescription":"Was any tutorial on Monday particularly educational or enjoyable? Which one?","Validation":{"Settings":{"ForceResponse":"OFF","ForceResponseType":"ON","Type":"None"}},"GradingData":[],"Language":[],"QuestionID":"QID62"}},{"SurveyID":"SV_3KnL3xPUAOqoq6V","Element":"SQ","PrimaryAttribute":"QID63","SecondaryAttribute":"Was any tutorial on Monday particularly unhelpful or unenjoyable? Which one?","TertiaryAttribute":null,"Payload":{"QuestionText":"Was any tutorial on Monday particularly unhelpful or unenjoyable? Which one?","DefaultChoices":false,"DataExportTag":"Q40","QuestionType":"TE","Selector":"SL","Configuration":{"QuestionDescriptionOption":"UseText"},"QuestionDescription":"Was any tutorial on Monday particularly unhelpful or unenjoyable? Which one?","Validation":{"Settings":{"ForceResponse":"OFF","ForceResponseType":"ON","Type":"None"}},"GradingData":[],"Language":[],"QuestionID":"QID63"}},{"SurveyID":"SV_3KnL3xPUAOqoq6V","Element":"SQ","PrimaryAttribute":"QID67","SecondaryAttribute":"Were you an instructor?","TertiaryAttribute":null,"Payload":{"QuestionText":"Were you an instructor?","DataExportTag":"Q44","QuestionType":"MC","Selector":"SAVR","SubSelector":"TX","Configuration":{"QuestionDescriptionOption":"UseText"},"QuestionDescription":"Were you an instructor?","Choices":{"1":{"Display":"Yes"},"2":{"Display":"No"}},"ChoiceOrder":["1","2"],"Validation":{"Settings":{"ForceResponse":"OFF","ForceResponseType":"ON","Type":"None"}},"Language":[],"QuestionID":"QID67"}},{"SurveyID":"SV_3KnL3xPUAOqoq6V","Element":"SQ","PrimaryAttribute":"QID34","SecondaryAttribute":"What are one or two academic conferences that you attend or would like to attend?","TertiaryAttribute":null,"Payload":{"QuestionText":"What are one or two academic conferences that you attend or would like to attend?","DefaultChoices":false,"DataExportTag":"Q34","QuestionType":"TE","Selector":"ML","Configuration":{"QuestionDescriptionOption":"UseText"},"QuestionDescription":"What are one or two academic conferences that you attend or would like to attend?","Validation":{"Settings":{"ForceResponse":"OFF","ForceResponseType":"ON","Type":"None"}},"GradingData":[],"Language":[],"QuestionID":"QID34"}},{"SurveyID":"SV_3KnL3xPUAOqoq6V","Element":"SQ","PrimaryAttribute":"QID40","SecondaryAttribute":"What did you dislike about any of the spaces we were in?","TertiaryAttribute":null,"Payload":{"QuestionText":"What did you dislike about any of the spaces we were in?","DefaultChoices":false,"DataExportTag":"Q40","QuestionType":"TE","Selector":"ML","Configuration":{"QuestionDescriptionOption":"UseText"},"QuestionDescription":"What did you dislike about any of the spaces we were in?","Validation":{"Settings":{"ForceResponse":"OFF","ForceResponseType":"ON","Type":"None"}},"GradingData":[],"Language":[],"QuestionID":"QID40"}},{"SurveyID":"SV_3KnL3xPUAOqoq6V","Element":"SQ","PrimaryAttribute":"QID25","SecondaryAttribute":"What did you like about any of the spaces we were in?","TertiaryAttribute":null,"Payload":{"QuestionText":"What did you like about any of the spaces we were in?","DefaultChoices":false,"DataExportTag":"Q25","QuestionType":"TE","Selector":"ML","Configuration":{"QuestionDescriptionOption":"UseText"},"QuestionDescription":"What did you like about any of the spaces we were in?","Validation":{"Settings":{"ForceResponse":"OFF","ForceResponseType":"ON","Type":"None"}},"GradingData":[],"Language":[],"QuestionID":"QID25"}},{"SurveyID":"SV_3KnL3xPUAOqoq6V","Element":"SQ","PrimaryAttribute":"QID29","SecondaryAttribute":"What is your age?","TertiaryAttribute":null,"Payload":{"QuestionText":"What is your age?","DefaultChoices":false,"DataExportTag":"Q29","QuestionType":"MC","Selector":"SAVR","SubSelector":"TX","Configuration":{"QuestionDescriptionOption":"UseText"},"QuestionDescription":"What is your age?","Choices":{"1":{"Display":"18-24"},"2":{"Display":"25-30"},"3":{"Display":"31-35"},"4":{"Display":"36-40"},"5":{"Display":"41-45"},"6":{"Display":"46-50"},"7":{"Display":"51-55"},"8":{"Display":"56-60"},"9":{"Display":"60+"},"10":{"Display":"Prefer not to respond"}},"ChoiceOrder":[1,2,3,4,5,6,7,8,9,10],"Validation":{"Settings":{"ForceResponse":"OFF","ForceResponseType":"ON","Type":"None"}},"GradingData":[],"Language":[],"QuestionID":"QID29"}},{"SurveyID":"SV_3KnL3xPUAOqoq6V","Element":"SQ","PrimaryAttribute":"QID72","SecondaryAttribute":"What is your current position?","TertiaryAttribute":null,"Payload":{"QuestionText":"What is your current position?","DataExportTag":"Q38","QuestionType":"MC","Selector":"MAVR","SubSelector":"TX","Configuration":{"QuestionDescriptionOption":"UseText"},"QuestionDescription":"What is your current position?","Choices":{"1":{"Display":"Graduate Student"},"2":{"Display":"Postdoc"},"3":{"Display":"Research Staff"},"4":{"Display":"Faculty"},"5":{"Display":"Undergraduate Student"},"6":{"Display":"Other","TextEntry":"true"},"7":{"Display":"Non academic"}},"ChoiceOrder":["1","2","3","4","5","7","6"],"Validation":{"Settings":{"ForceResponse":"OFF","ForceResponseType":"ON","Type":"None"}},"Language":[],"NextChoiceId":8,"NextAnswerId":1,"QuestionID":"QID72","DataVisibility":{"Private":false,"Hidden":false}}},{"SurveyID":"SV_3KnL3xPUAOqoq6V","Element":"SQ","PrimaryAttribute":"QID71","SecondaryAttribute":"What is your race?","TertiaryAttribute":null,"Payload":{"QuestionText":"What is your race?","DataExportTag":"Q37","QuestionType":"MC","Selector":"MAVR","SubSelector":"TX","Configuration":{"QuestionDescriptionOption":"UseText"},"QuestionDescription":"What is your race?","Choices":{"1":{"Display":"Native Hawaiian or Other Pacific Islander"},"2":{"Display":"Black or African American"},"4":{"Display":"Native American or American Indian"},"5":{"Display":"White"},"6":{"Display":"Asian"},"7":{"Display":"Other","TextEntry":"true"}},"ChoiceOrder":["1","2","4","5","6","7"],"Validation":{"Settings":{"ForceResponse":"OFF","ForceResponseType":"ON","Type":"None"}},"Language":[],"NextChoiceId":8,"NextAnswerId":1,"QuestionID":"QID71","DataVisibility":{"Private":false,"Hidden":false}}},{"SurveyID":"SV_3KnL3xPUAOqoq6V","Element":"SQ","PrimaryAttribute":"QID10","SecondaryAttribute":"What kind of things did you learn at \"X hack week\"?","TertiaryAttribute":null,"Payload":{"QuestionText":"What kind of things did you learn at <b>\"X hack week\"<\/b>?","DefaultChoices":false,"DataExportTag":"Q10","QuestionType":"TE","Selector":"ML","Configuration":{"QuestionDescriptionOption":"UseText"},"QuestionDescription":"What kind of things did you learn at \"X hack week\"?","Validation":{"Settings":{"ForceResponse":"OFF","ForceResponseType":"ON","Type":"None"}},"GradingData":[],"Language":[],"QuestionID":"QID10","DataVisibility":{"Private":false,"Hidden":false},"NextChoiceId":1,"NextAnswerId":1}},{"SurveyID":"SV_3KnL3xPUAOqoq6V","Element":"SQ","PrimaryAttribute":"QID31","SecondaryAttribute":"What would you consider your main academic discipline?","TertiaryAttribute":null,"Payload":{"QuestionText":"What would you consider your main academic discipline?","DefaultChoices":false,"DataExportTag":"Q31","QuestionID":"QID31","QuestionType":"TE","Selector":"ML","Configuration":{"QuestionDescriptionOption":"UseText"},"QuestionDescription":"What would you consider your main academic discipline?","Validation":{"Settings":{"ForceResponse":"OFF","ForceResponseType":"ON","Type":"None"}},"GradingData":[],"Language":[]}},{"SurveyID":"SV_3KnL3xPUAOqoq6V","Element":"SQ","PrimaryAttribute":"QID11","SecondaryAttribute":"What would you liked to have learned more about at \"X hack week\"?","TertiaryAttribute":null,"Payload":{"QuestionText":"What would you liked to have learned more about at <b>\"X hack week\"<\/b>?","DefaultChoices":false,"DataExportTag":"Q11","QuestionType":"TE","Selector":"ML","Configuration":{"QuestionDescriptionOption":"UseText"},"QuestionDescription":"What would you liked to have learned more about at \"X hack week\"?","Validation":{"Settings":{"ForceResponse":"OFF","ForceResponseType":"ON","Type":"None"}},"GradingData":[],"Language":[],"QuestionID":"QID11","DataVisibility":{"Private":false,"Hidden":false},"NextChoiceId":1,"NextAnswerId":1}},{"SurveyID":"SV_3KnL3xPUAOqoq6V","Element":"SQ","PrimaryAttribute":"QID70","SecondaryAttribute":"Which gender do you identify most with?","TertiaryAttribute":null,"Payload":{"QuestionText":"Which gender do you identify most with?","DataExportTag":"Q36","QuestionType":"MC","Selector":"SAVR","SubSelector":"TX","Configuration":{"QuestionDescriptionOption":"UseText"},"QuestionDescription":"Which gender do you identify most with?","Choices":{"1":{"Display":"Female"},"2":{"Display":"Male"},"3":{"Display":"Transgender"},"5":{"Display":"Gender Variant\/Non-Conforming"},"6":{"Display":"Not listed","TextEntry":"true"}},"ChoiceOrder":["1","2","3","5","6"],"Validation":{"Settings":{"ForceResponse":"OFF","ForceResponseType":"ON","Type":"None"}},"Language":[],"NextChoiceId":7,"NextAnswerId":1,"QuestionID":"QID70"}},{"SurveyID":"SV_3KnL3xPUAOqoq6V","Element":"SQ","PrimaryAttribute":"QID59","SecondaryAttribute":"Would you prefer the afternoon breakout sessions to be more:","TertiaryAttribute":null,"Payload":{"QuestionText":"Would you prefer the afternoon breakout sessions to be more:","DefaultChoices":false,"DataExportTag":"Q59","QuestionType":"Slider","Selector":"HSLIDER","Configuration":{"QuestionDescriptionOption":"UseText","CSSliderMin":0,"CSSliderMax":100,"GridLines":10,"SnapToGrid":false,"NumDecimals":"0","ShowValue":true,"CustomStart":true,"NotApplicable":false,"MobileFirst":true,"SliderStartPositions":{"2":0.5}},"QuestionDescription":"Would you prefer the afternoon breakout sessions to be more:","Choices":{"2":{"Display":""}},"ChoiceOrder":["2"],"Validation":{"Settings":{"ForceResponse":"OFF","ForceResponseType":"ON","Type":"None"}},"GradingData":[],"Language":[],"Labels":{"1":{"Display":"More lecture-style"},"2":{"Display":"More exercise-based"}},"QuestionID":"QID59"}},{"SurveyID":"SV_3KnL3xPUAOqoq6V","Element":"SQ","PrimaryAttribute":"QID12","SecondaryAttribute":"Would you prefer the morning lectures to be more:","TertiaryAttribute":null,"Payload":{"QuestionText":"Would you prefer the morning lectures to be more:","DefaultChoices":false,"DataExportTag":"Q12","QuestionType":"Slider","Selector":"HSLIDER","Configuration":{"QuestionDescriptionOption":"UseText","CSSliderMin":0,"CSSliderMax":100,"GridLines":10,"SnapToGrid":false,"NumDecimals":"0","ShowValue":true,"CustomStart":true,"NotApplicable":false,"MobileFirst":true,"SliderStartPositions":{"1":0.4987146529563000196816346942796371877193450927734375}},"QuestionDescription":"Would you prefer the morning lectures to be more:","Choices":{"1":{"Display":"&nbsp;"}},"ChoiceOrder":[1],"Validation":{"Settings":{"ForceResponse":"OFF","ForceResponseType":"ON","Type":"None"}},"GradingData":[],"Language":[],"Labels":{"1":{"Display":"More lecture-style"},"2":{"Display":"More exercise-based"}},"QuestionID":"QID12"}},{"SurveyID":"SV_3KnL3xPUAOqoq6V","Element":"SQ","PrimaryAttribute":"QID13","SecondaryAttribute":"You were in several different spaces throughout the week. How good or bad were these spaces at su...","TertiaryAttribute":null,"Payload":{"QuestionText":"You were in several different spaces throughout the week. How good or bad were these spaces at supporting the activities in that room?","DefaultChoices":false,"DataExportTag":"Q13","QuestionType":"Matrix","Selector":"Likert","SubSelector":"SingleAnswer","Configuration":{"QuestionDescriptionOption":"UseText","TextPosition":"inline","ChoiceColumnWidth":25,"RepeatHeaders":"none","WhiteSpace":"OFF","MobileFirst":true},"QuestionDescription":"You were in several different spaces throughout the week. How good or bad were these spaces at su...","Choices":{"2":{"Display":"Room X"},"4":{"Display":"eScience Data Science Studio"},"8":{"Display":"Room Y"},"9":{"Display":"Room Z"}},"ChoiceOrder":["4","2","8","9"],"Validation":{"Settings":{"ForceResponse":"OFF","ForceResponseType":"ON","Type":"None"}},"GradingData":[],"Language":[],"Answers":{"1":{"Display":"Very Bad"},"3":{"Display":"Poor"},"4":{"Display":"Fair"},"5":{"Display":"Good"},"6":{"Display":"Very Good"},"7":{"Display":"Did not experience"}},"AnswerOrder":[1,3,4,5,6,7],"ChoiceDataExportTags":false,"QuestionID":"QID13","DataVisibility":{"Private":false,"Hidden":false},"NextChoiceId":10,"NextAnswerId":8}}]}